# This file is automatically @generated by Cargo.
# It is not intended for manual editing.
version = 3

[[package]]
name = "anyhow"
version = "1.0.70"
source = "registry+https://github.com/rust-lang/crates.io-index"
checksum = "7de8ce5e0f9f8d88245311066a578d72b7af3e7088f32783804676302df237e4"

[[package]]
name = "autocfg"
version = "1.1.0"
source = "registry+https://github.com/rust-lang/crates.io-index"
checksum = "d468802bab17cbc0cc575e9b053f41e72aa36bfa6b7f55e3529ffa43161b97fa"

[[package]]
name = "domichain-wasm-helloworld"
version = "0.1.0"
dependencies = [
 "anyhow",
 "wasmi",
 "wat",
]

[[package]]
name = "downcast-rs"
version = "1.2.0"
source = "registry+https://github.com/rust-lang/crates.io-index"
checksum = "9ea835d29036a4087793836fa931b08837ad5e957da9e23886b29586fb9b6650"

[[package]]
name = "indexmap-nostd"
version = "0.4.0"
source = "registry+https://github.com/rust-lang/crates.io-index"
checksum = "8e04e2fd2b8188ea827b32ef11de88377086d690286ab35747ef7f9bf3ccb590"

[[package]]
name = "leb128"
version = "0.2.5"
source = "registry+https://github.com/rust-lang/crates.io-index"
checksum = "884e2677b40cc8c339eaefcb701c32ef1fd2493d71118dc0ca4b6a736c93bd67"

[[package]]
name = "libm"
version = "0.2.6"
source = "registry+https://github.com/rust-lang/crates.io-index"
checksum = "348108ab3fba42ec82ff6e9564fc4ca0247bdccdc68dd8af9764bbc79c3c8ffb"

[[package]]
name = "memchr"
version = "2.5.0"
source = "registry+https://github.com/rust-lang/crates.io-index"
checksum = "2dffe52ecf27772e601905b7522cb4ef790d2cc203488bbd0e2fe85fcb74566d"

[[package]]
name = "num-traits"
version = "0.2.15"
source = "registry+https://github.com/rust-lang/crates.io-index"
checksum = "578ede34cf02f8924ab9447f50c28075b4d3e5b269972345e7e0372b38c6cdcd"
dependencies = [
 "autocfg",
]

[[package]]
name = "paste"
version = "1.0.12"
source = "registry+https://github.com/rust-lang/crates.io-index"
checksum = "9f746c4065a8fa3fe23974dd82f15431cc8d40779821001404d10d2e79ca7d79"

[[package]]
name = "smallvec"
version = "1.10.0"
source = "registry+https://github.com/rust-lang/crates.io-index"
checksum = "a507befe795404456341dfab10cef66ead4c041f62b8b11bbb92bffe5d0953e0"

[[package]]
name = "spin"
version = "0.9.8"
source = "registry+https://github.com/rust-lang/crates.io-index"
checksum = "6980e8d7511241f8acf4aebddbb1ff938df5eebe98691418c4468d0b72a96a67"

[[package]]
name = "unicode-width"
version = "0.1.10"
source = "registry+https://github.com/rust-lang/crates.io-index"
checksum = "c0edd1e5b14653f783770bce4a4dabb4a5108a5370a5f5d8cfe8710c361f6c8b"

[[package]]
name = "wasm-encoder"
version = "0.25.0"
source = "registry+https://github.com/rust-lang/crates.io-index"
checksum = "4eff853c4f09eec94d76af527eddad4e9de13b11d6286a1ef7134bc30135a2b7"
dependencies = [
 "leb128",
]

[[package]]
name = "wasmi"
version = "0.29.0"
source = "registry+https://github.com/rust-lang/crates.io-index"
checksum = "677160b1166881badada1137afc6457777126f328ae63a18058b504f546f0828"
dependencies = [
 "smallvec",
 "spin",
 "wasmi_arena",
 "wasmi_core",
 "wasmparser-nostd",
]

[[package]]
name = "wasmi_arena"
version = "0.4.0"
source = "registry+https://github.com/rust-lang/crates.io-index"
checksum = "401c1f35e413fac1846d4843745589d9ec678977ab35a384db8ae7830525d468"

[[package]]
name = "wasmi_core"
version = "0.12.0"
source = "registry+https://github.com/rust-lang/crates.io-index"
checksum = "624e6333e861ef49095d2d678b76ebf30b06bf37effca845be7e5b87c90071b7"
dependencies = [
 "downcast-rs",
 "libm",
 "num-traits",
 "paste",
]

[[package]]
name = "wasmparser-nostd"
version = "0.100.1"
source = "registry+https://github.com/rust-lang/crates.io-index"
checksum = "9157cab83003221bfd385833ab587a039f5d6fa7304854042ba358a3b09e0724"
dependencies = [
 "indexmap-nostd",
]

[[package]]
name = "wast"
version = "55.0.0"
source = "registry+https://github.com/rust-lang/crates.io-index"
checksum = "4984d3e1406571f4930ba5cf79bd70f75f41d0e87e17506e0bd19b0e5d085f05"
dependencies = [
 "leb128",
 "memchr",
 "unicode-width",
 "wasm-encoder",
]

[[package]]
name = "wat"
version = "1.0.61"
source = "registry+https://github.com/rust-lang/crates.io-index"
checksum = "af2b53f4da14db05d32e70e9c617abdf6620c575bd5dd972b7400037b4df2091"
dependencies = [
 "wast",
]
